{
  "name": "speedtest-component",
  "version": "1.0.0",
  "lockfileVersion": 1,
  "requires": true,
  "dependencies": {
    "network-speed": {
      "version": "2.1.1",
      "resolved": "https://registry.npmjs.org/network-speed/-/network-speed-2.1.1.tgz",
      "integrity": "sha512-NDr8h55toVE5Gy/CZI5nUAl+57DX1xl3PyhcXWacUiUttOJ2JsKkm5JzyVaoJ5psR9KUhi9y4EKc+atnWarkOg=="
    },
    "web-pingjs": {
      "version": "1.0.1",
      "resolved": "https://registry.npmjs.org/web-pingjs/-/web-pingjs-1.0.1.tgz",
      "integrity": "sha512-rlAeWwOWLYpFUAzi1edajOm6iWsP4EVnjl7qXsyXglVt8Wuwxo1d8GQgeyZ6Ze3gRf0xtvQCmb2eQ1OOAGbN1A=="
    }
  }
}
